Microsoft Visual Studio Solution File, Format Version 12.00
# Visual Studio 15
VisualStudioVersion = 15.0.27130.2027
MinimumVisualStudioVersion = 10.0.40219.1
Project("{9A19103F-16F7-4668-BE54-9A1E7A4F7556}") = "HotChocolate", "HotChocolate\HotChocolate.csproj", "{AB9D4923-02CE-4BF3-BBC8-CD1E92F20EE4}"
EndProject
Project("{9A19103F-16F7-4668-BE54-9A1E7A4F7556}") = "HotChocolate.FunctionalTest", "HotChocolate.FunctionalTest\HotChocolate.FunctionalTest.csproj", "{F4324D88-AF53-4A98-90EA-877E2D3DB0A8}"
EndProject
Project("{9A19103F-16F7-4668-BE54-9A1E7A4F7556}") = "HotChocolate.Tests", "HotChocolate.Tests\HotChocolate.Tests.csproj", "{D03A7E6A-A47A-46F2-9A13-0AC34C3953F4}"
EndProject
Global
	GlobalSection(SolutionConfigurationPlatforms) = preSolution
		Debug|Any CPU = Debug|Any CPU
		Release|Any CPU = Release|Any CPU
	EndGlobalSection
	GlobalSection(ProjectConfigurationPlatforms) = postSolution
		{AB9D4923-02CE-4BF3-BBC8-CD1E92F20EE4}.Debug|Any CPU.ActiveCfg = Debug|Any CPU
		{AB9D4923-02CE-4BF3-BBC8-CD1E92F20EE4}.Debug|Any CPU.Build.0 = Debug|Any CPU
		{AB9D4923-02CE-4BF3-BBC8-CD1E92F20EE4}.Release|Any CPU.ActiveCfg = Release|Any CPU
		{AB9D4923-02CE-4BF3-BBC8-CD1E92F20EE4}.Release|Any CPU.Build.0 = Release|Any CPU
		{F4324D88-AF53-4A98-90EA-877E2D3DB0A8}.Debug|Any CPU.ActiveCfg = Debug|Any CPU
		{F4324D88-AF53-4A98-90EA-877E2D3DB0A8}.Debug|Any CPU.Build.0 = Debug|Any CPU
		{F4324D88-AF53-4A98-90EA-877E2D3DB0A8}.Release|Any CPU.ActiveCfg = Release|Any CPU
		{F4324D88-AF53-4A98-90EA-877E2D3DB0A8}.Release|Any CPU.Build.0 = Release|Any CPU
		{D03A7E6A-A47A-46F2-9A13-0AC34C3953F4}.Debug|Any CPU.ActiveCfg = Debug|Any CPU
		{D03A7E6A-A47A-46F2-9A13-0AC34C3953F4}.Debug|Any CPU.Build.0 = Debug|Any CPU
		{D03A7E6A-A47A-46F2-9A13-0AC34C3953F4}.Release|Any CPU.ActiveCfg = Release|Any CPU
		{D03A7E6A-A47A-46F2-9A13-0AC34C3953F4}.Release|Any CPU.Build.0 = Release|Any CPU
	EndGlobalSection
	GlobalSection(SolutionProperties) = preSolution
		HideSolutionNode = FALSE
	EndGlobalSection
	GlobalSection(ExtensibilityGlobals) = postSolution
		SolutionGuid = {6519AA7A-DDB1-4DFD-9EC9-570B8C63E25E}
	EndGlobalSection
EndGlobal
